
Microsoft Visual Studio Solution File, Format Version 12.00
# Visual Studio Version 17
VisualStudioVersion = 17.2.32630.192
MinimumVisualStudioVersion = 10.0.40219.1
Project("{FAE04EC0-301F-11D3-BF4B-00C04F79EFBC}") = "TabuadaMallu", "TabuadaMallu\TabuadaMallu.csproj", "{91E3B9F0-22F1-4879-BD01-54A1DDCF5C7E}"
EndProject
Global
	GlobalSection(SolutionConfigurationPlatforms) = preSolution
		Debug|Any CPU = Debug|Any CPU
		Release|Any CPU = Release|Any CPU
	EndGlobalSection
	GlobalSection(ProjectConfigurationPlatforms) = postSolution
		{91E3B9F0-22F1-4879-BD01-54A1DDCF5C7E}.Debug|Any CPU.ActiveCfg = Debug|Any CPU
		{91E3B9F0-22F1-4879-BD01-54A1DDCF5C7E}.Debug|Any CPU.Build.0 = Debug|Any CPU
		{91E3B9F0-22F1-4879-BD01-54A1DDCF5C7E}.Release|Any CPU.ActiveCfg = Release|Any CPU
		{91E3B9F0-22F1-4879-BD01-54A1DDCF5C7E}.Release|Any CPU.Build.0 = Release|Any CPU
	EndGlobalSection
	GlobalSection(SolutionProperties) = preSolution
		HideSolutionNode = FALSE
	EndGlobalSection
	GlobalSection(ExtensibilityGlobals) = postSolution
		SolutionGuid = {53A65371-412C-4F00-A7A1-A391895CDEE4}
	EndGlobalSection
EndGlobal
