
Microsoft Visual Studio Solution File, Format Version 12.00
# Visual Studio Version 17
VisualStudioVersion = 17.2.32630.192
MinimumVisualStudioVersion = 10.0.40219.1
Project("{FAE04EC0-301F-11D3-BF4B-00C04F79EFBC}") = "ExerciciosLista7", "ExerciciosLista7\ExerciciosLista7.csproj", "{F50DC7FD-B30E-4DB1-8D61-DEA43A60CD20}"
EndProject
Global
	GlobalSection(SolutionConfigurationPlatforms) = preSolution
		Debug|Any CPU = Debug|Any CPU
		Release|Any CPU = Release|Any CPU
	EndGlobalSection
	GlobalSection(ProjectConfigurationPlatforms) = postSolution
		{F50DC7FD-B30E-4DB1-8D61-DEA43A60CD20}.Debug|Any CPU.ActiveCfg = Debug|Any CPU
		{F50DC7FD-B30E-4DB1-8D61-DEA43A60CD20}.Debug|Any CPU.Build.0 = Debug|Any CPU
		{F50DC7FD-B30E-4DB1-8D61-DEA43A60CD20}.Release|Any CPU.ActiveCfg = Release|Any CPU
		{F50DC7FD-B30E-4DB1-8D61-DEA43A60CD20}.Release|Any CPU.Build.0 = Release|Any CPU
	EndGlobalSection
	GlobalSection(SolutionProperties) = preSolution
		HideSolutionNode = FALSE
	EndGlobalSection
	GlobalSection(ExtensibilityGlobals) = postSolution
		SolutionGuid = {4B364406-E29C-4638-8E47-2FE5C54BEB50}
	EndGlobalSection
EndGlobal
